// !$*UTF8*$!
{
	archiveVersion = 1;
	classes = {
	};
	objectVersion = 55;
	objects = {

/* Begin PBXBuildFile section */
		78EE7BEE27E1735500DA8B77 /* AfricaApp.swift in Sources */ = {isa = PBXBuildFile; fileRef = 78EE7BED27E1735500DA8B77 /* AfricaApp.swift */; };
		78EE7BF027E1735500DA8B77 /* ContentView.swift in Sources */ = {isa = PBXBuildFile; fileRef = 78EE7BEF27E1735500DA8B77 /* ContentView.swift */; };
		78EE7BF227E1735600DA8B77 /* Assets.xcassets in Resources */ = {isa = PBXBuildFile; fileRef = 78EE7BF127E1735600DA8B77 /* Assets.xcassets */; };
		78EE7BF527E1735600DA8B77 /* Preview Assets.xcassets in Resources */ = {isa = PBXBuildFile; fileRef = 78EE7BF427E1735600DA8B77 /* Preview Assets.xcassets */; };
		78EE7C0727E1758600DA8B77 /* zebra.mp4 in Resources */ = {isa = PBXBuildFile; fileRef = 78EE7BFD27E1758500DA8B77 /* zebra.mp4 */; };
		78EE7C0827E1758600DA8B77 /* rhino.mp4 in Resources */ = {isa = PBXBuildFile; fileRef = 78EE7BFE27E1758500DA8B77 /* rhino.mp4 */; };
		78EE7C0927E1758600DA8B77 /* lion.mp4 in Resources */ = {isa = PBXBuildFile; fileRef = 78EE7BFF27E1758500DA8B77 /* lion.mp4 */; };
		78EE7C0A27E1758600DA8B77 /* hippo.mp4 in Resources */ = {isa = PBXBuildFile; fileRef = 78EE7C0027E1758500DA8B77 /* hippo.mp4 */; };
		78EE7C0B27E1758600DA8B77 /* ostrich.mp4 in Resources */ = {isa = PBXBuildFile; fileRef = 78EE7C0127E1758500DA8B77 /* ostrich.mp4 */; };
		78EE7C0C27E1758600DA8B77 /* giraffe.mp4 in Resources */ = {isa = PBXBuildFile; fileRef = 78EE7C0227E1758500DA8B77 /* giraffe.mp4 */; };
		78EE7C0D27E1758600DA8B77 /* elephant.mp4 in Resources */ = {isa = PBXBuildFile; fileRef = 78EE7C0327E1758500DA8B77 /* elephant.mp4 */; };
		78EE7C0E27E1758600DA8B77 /* gorilla.mp4 in Resources */ = {isa = PBXBuildFile; fileRef = 78EE7C0427E1758500DA8B77 /* gorilla.mp4 */; };
		78EE7C0F27E1758600DA8B77 /* lioness.mp4 in Resources */ = {isa = PBXBuildFile; fileRef = 78EE7C0527E1758500DA8B77 /* lioness.mp4 */; };
		78EE7C1027E1758600DA8B77 /* cheetah.mp4 in Resources */ = {isa = PBXBuildFile; fileRef = 78EE7C0627E1758600DA8B77 /* cheetah.mp4 */; };
		78EE7C1627E175CB00DA8B77 /* covers.json in Resources */ = {isa = PBXBuildFile; fileRef = 78EE7C1227E175CB00DA8B77 /* covers.json */; };
		78EE7C1727E175CB00DA8B77 /* locations.json in Resources */ = {isa = PBXBuildFile; fileRef = 78EE7C1327E175CB00DA8B77 /* locations.json */; };
		78EE7C1827E175CB00DA8B77 /* videos.json in Resources */ = {isa = PBXBuildFile; fileRef = 78EE7C1427E175CB00DA8B77 /* videos.json */; };
		78EE7C1927E175CB00DA8B77 /* animals.json in Resources */ = {isa = PBXBuildFile; fileRef = 78EE7C1527E175CB00DA8B77 /* animals.json */; };
		78EE7C1D27E177BB00DA8B77 /* VideoListView.swift in Sources */ = {isa = PBXBuildFile; fileRef = 78EE7C1C27E177BB00DA8B77 /* VideoListView.swift */; };
		78EE7C1F27E177D200DA8B77 /* MapView.swift in Sources */ = {isa = PBXBuildFile; fileRef = 78EE7C1E27E177D200DA8B77 /* MapView.swift */; };
		78EE7C2127E177E400DA8B77 /* GalleryView.swift in Sources */ = {isa = PBXBuildFile; fileRef = 78EE7C2027E177E400DA8B77 /* GalleryView.swift */; };
		78EE7C2327E177F400DA8B77 /* MainView.swift in Sources */ = {isa = PBXBuildFile; fileRef = 78EE7C2227E177F400DA8B77 /* MainView.swift */; };
/* End PBXBuildFile section */

/* Begin PBXFileReference section */
		78EE7BEA27E1735500DA8B77 /* Africa.app */ = {isa = PBXFileReference; explicitFileType = wrapper.application; includeInIndex = 0; path = Africa.app; sourceTree = BUILT_PRODUCTS_DIR; };
		78EE7BED27E1735500DA8B77 /* AfricaApp.swift */ = {isa = PBXFileReference; lastKnownFileType = sourcecode.swift; path = AfricaApp.swift; sourceTree = "<group>"; };
		78EE7BEF27E1735500DA8B77 /* ContentView.swift */ = {isa = PBXFileReference; lastKnownFileType = sourcecode.swift; path = ContentView.swift; sourceTree = "<group>"; };
		78EE7BF127E1735600DA8B77 /* Assets.xcassets */ = {isa = PBXFileReference; lastKnownFileType = folder.assetcatalog; path = Assets.xcassets; sourceTree = "<group>"; };
		78EE7BF427E1735600DA8B77 /* Preview Assets.xcassets */ = {isa = PBXFileReference; lastKnownFileType = folder.assetcatalog; path = "Preview Assets.xcassets"; sourceTree = "<group>"; };
		78EE7BFD27E1758500DA8B77 /* zebra.mp4 */ = {isa = PBXFileReference; lastKnownFileType = file; path = zebra.mp4; sourceTree = "<group>"; };
		78EE7BFE27E1758500DA8B77 /* rhino.mp4 */ = {isa = PBXFileReference; lastKnownFileType = file; path = rhino.mp4; sourceTree = "<group>"; };
		78EE7BFF27E1758500DA8B77 /* lion.mp4 */ = {isa = PBXFileReference; lastKnownFileType = file; path = lion.mp4; sourceTree = "<group>"; };
		78EE7C0027E1758500DA8B77 /* hippo.mp4 */ = {isa = PBXFileReference; lastKnownFileType = file; path = hippo.mp4; sourceTree = "<group>"; };
		78EE7C0127E1758500DA8B77 /* ostrich.mp4 */ = {isa = PBXFileReference; lastKnownFileType = file; path = ostrich.mp4; sourceTree = "<group>"; };
		78EE7C0227E1758500DA8B77 /* giraffe.mp4 */ = {isa = PBXFileReference; lastKnownFileType = file; path = giraffe.mp4; sourceTree = "<group>"; };
		78EE7C0327E1758500DA8B77 /* elephant.mp4 */ = {isa = PBXFileReference; lastKnownFileType = file; path = elephant.mp4; sourceTree = "<group>"; };
		78EE7C0427E1758500DA8B77 /* gorilla.mp4 */ = {isa = PBXFileReference; lastKnownFileType = file; path = gorilla.mp4; sourceTree = "<group>"; };
		78EE7C0527E1758500DA8B77 /* lioness.mp4 */ = {isa = PBXFileReference; lastKnownFileType = file; path = lioness.mp4; sourceTree = "<group>"; };
		78EE7C0627E1758600DA8B77 /* cheetah.mp4 */ = {isa = PBXFileReference; lastKnownFileType = file; path = cheetah.mp4; sourceTree = "<group>"; };
		78EE7C1227E175CB00DA8B77 /* covers.json */ = {isa = PBXFileReference; fileEncoding = 4; lastKnownFileType = text.json; path = covers.json; sourceTree = "<group>"; };
		78EE7C1327E175CB00DA8B77 /* locations.json */ = {isa = PBXFileReference; fileEncoding = 4; lastKnownFileType = text.json; path = locations.json; sourceTree = "<group>"; };
		78EE7C1427E175CB00DA8B77 /* videos.json */ = {isa = PBXFileReference; fileEncoding = 4; lastKnownFileType = text.json; path = videos.json; sourceTree = "<group>"; };
		78EE7C1527E175CB00DA8B77 /* animals.json */ = {isa = PBXFileReference; fileEncoding = 4; lastKnownFileType = text.json; path = animals.json; sourceTree = "<group>"; };
		78EE7C1A27E176A300DA8B77 /* Info.plist */ = {isa = PBXFileReference; lastKnownFileType = text.plist; path = Info.plist; sourceTree = "<group>"; };
		78EE7C1C27E177BB00DA8B77 /* VideoListView.swift */ = {isa = PBXFileReference; lastKnownFileType = sourcecode.swift; path = VideoListView.swift; sourceTree = "<group>"; };
		78EE7C1E27E177D200DA8B77 /* MapView.swift */ = {isa = PBXFileReference; lastKnownFileType = sourcecode.swift; path = MapView.swift; sourceTree = "<group>"; };
		78EE7C2027E177E400DA8B77 /* GalleryView.swift */ = {isa = PBXFileReference; lastKnownFileType = sourcecode.swift; path = GalleryView.swift; sourceTree = "<group>"; };
		78EE7C2227E177F400DA8B77 /* MainView.swift */ = {isa = PBXFileReference; lastKnownFileType = sourcecode.swift; path = MainView.swift; sourceTree = "<group>"; };
/* End PBXFileReference section */

/* Begin PBXFrameworksBuildPhase section */
		78EE7BE727E1735500DA8B77 /* Frameworks */ = {
			isa = PBXFrameworksBuildPhase;
			buildActionMask = 2147483647;
			files = (
			);
			runOnlyForDeploymentPostprocessing = 0;
		};
/* End PBXFrameworksBuildPhase section */

/* Begin PBXGroup section */
		78EE7BE127E1735500DA8B77 = {
			isa = PBXGroup;
			children = (
				78EE7BEC27E1735500DA8B77 /* Africa */,
				78EE7BEB27E1735500DA8B77 /* Products */,
			);
			sourceTree = "<group>";
		};
		78EE7BEB27E1735500DA8B77 /* Products */ = {
			isa = PBXGroup;
			children = (
				78EE7BEA27E1735500DA8B77 /* Africa.app */,
			);
			name = Products;
			sourceTree = "<group>";
		};
		78EE7BEC27E1735500DA8B77 /* Africa */ = {
			isa = PBXGroup;
			children = (
				78EE7C1A27E176A300DA8B77 /* Info.plist */,
				78EE7C1127E175B000DA8B77 /* Data */,
				78EE7BFC27E1756500DA8B77 /* Video */,
				78EE7C1B27E1777E00DA8B77 /* App */,
				78EE7BF127E1735600DA8B77 /* Assets.xcassets */,
				78EE7BF327E1735600DA8B77 /* Preview Content */,
			);
			path = Africa;
			sourceTree = "<group>";
		};
		78EE7BF327E1735600DA8B77 /* Preview Content */ = {
			isa = PBXGroup;
			children = (
				78EE7BF427E1735600DA8B77 /* Preview Assets.xcassets */,
			);
			path = "Preview Content";
			sourceTree = "<group>";
		};
		78EE7BFC27E1756500DA8B77 /* Video */ = {
			isa = PBXGroup;
			children = (
				78EE7C0627E1758600DA8B77 /* cheetah.mp4 */,
				78EE7C0327E1758500DA8B77 /* elephant.mp4 */,
				78EE7C0227E1758500DA8B77 /* giraffe.mp4 */,
				78EE7C0427E1758500DA8B77 /* gorilla.mp4 */,
				78EE7C0027E1758500DA8B77 /* hippo.mp4 */,
				78EE7BFF27E1758500DA8B77 /* lion.mp4 */,
				78EE7C0527E1758500DA8B77 /* lioness.mp4 */,
				78EE7C0127E1758500DA8B77 /* ostrich.mp4 */,
				78EE7BFE27E1758500DA8B77 /* rhino.mp4 */,
				78EE7BFD27E1758500DA8B77 /* zebra.mp4 */,
			);
			path = Video;
			sourceTree = "<group>";
		};
		78EE7C1127E175B000DA8B77 /* Data */ = {
			isa = PBXGroup;
			children = (
				78EE7C1527E175CB00DA8B77 /* animals.json */,
				78EE7C1227E175CB00DA8B77 /* covers.json */,
				78EE7C1327E175CB00DA8B77 /* locations.json */,
				78EE7C1427E175CB00DA8B77 /* videos.json */,
			);
			path = Data;
			sourceTree = "<group>";
		};
		78EE7C1B27E1777E00DA8B77 /* App */ = {
			isa = PBXGroup;
			children = (
				78EE7BED27E1735500DA8B77 /* AfricaApp.swift */,
				78EE7BEF27E1735500DA8B77 /* ContentView.swift */,
				78EE7C1C27E177BB00DA8B77 /* VideoListView.swift */,
				78EE7C1E27E177D200DA8B77 /* MapView.swift */,
				78EE7C2027E177E400DA8B77 /* GalleryView.swift */,
				78EE7C2227E177F400DA8B77 /* MainView.swift */,
			);
			path = App;
			sourceTree = "<group>";
		};
/* End PBXGroup section */

/* Begin PBXNativeTarget section */
		78EE7BE927E1735500DA8B77 /* Africa */ = {
			isa = PBXNativeTarget;
			buildConfigurationList = 78EE7BF827E1735600DA8B77 /* Build configuration list for PBXNativeTarget "Africa" */;
			buildPhases = (
				78EE7BE627E1735500DA8B77 /* Sources */,
				78EE7BE727E1735500DA8B77 /* Frameworks */,
				78EE7BE827E1735500DA8B77 /* Resources */,
			);
			buildRules = (
			);
			dependencies = (
			);
			name = Africa;
			productName = Africa;
			productReference = 78EE7BEA27E1735500DA8B77 /* Africa.app */;
			productType = "com.apple.product-type.application";
		};
/* End PBXNativeTarget section */

/* Begin PBXProject section */
		78EE7BE227E1735500DA8B77 /* Project object */ = {
			isa = PBXProject;
			attributes = {
				BuildIndependentTargetsInParallel = 1;
				LastSwiftUpdateCheck = 1320;
				LastUpgradeCheck = 1320;
				TargetAttributes = {
					78EE7BE927E1735500DA8B77 = {
						CreatedOnToolsVersion = 13.2.1;
					};
				};
			};
			buildConfigurationList = 78EE7BE527E1735500DA8B77 /* Build configuration list for PBXProject "Africa" */;
			compatibilityVersion = "Xcode 13.0";
			developmentRegion = en;
			hasScannedForEncodings = 0;
			knownRegions = (
				en,
				Base,
			);
			mainGroup = 78EE7BE127E1735500DA8B77;
			productRefGroup = 78EE7BEB27E1735500DA8B77 /* Products */;
			projectDirPath = "";
			projectRoot = "";
			targets = (
				78EE7BE927E1735500DA8B77 /* Africa */,
			);
		};
/* End PBXProject section */

/* Begin PBXResourcesBuildPhase section */
		78EE7BE827E1735500DA8B77 /* Resources */ = {
			isa = PBXResourcesBuildPhase;
			buildActionMask = 2147483647;
			files = (
				78EE7C1727E175CB00DA8B77 /* locations.json in Resources */,
				78EE7C1627E175CB00DA8B77 /* covers.json in Resources */,
				78EE7C1827E175CB00DA8B77 /* videos.json in Resources */,
				78EE7C0827E1758600DA8B77 /* rhino.mp4 in Resources */,
				78EE7C0F27E1758600DA8B77 /* lioness.mp4 in Resources */,
				78EE7C0B27E1758600DA8B77 /* ostrich.mp4 in Resources */,
				78EE7C0E27E1758600DA8B77 /* gorilla.mp4 in Resources */,
				78EE7BF527E1735600DA8B77 /* Preview Assets.xcassets in Resources */,
				78EE7C0727E1758600DA8B77 /* zebra.mp4 in Resources */,
				78EE7C1927E175CB00DA8B77 /* animals.json in Resources */,
				78EE7C0927E1758600DA8B77 /* lion.mp4 in Resources */,
				78EE7C0A27E1758600DA8B77 /* hippo.mp4 in Resources */,
				78EE7C1027E1758600DA8B77 /* cheetah.mp4 in Resources */,
				78EE7C0C27E1758600DA8B77 /* giraffe.mp4 in Resources */,
				78EE7BF227E1735600DA8B77 /* Assets.xcassets in Resources */,
				78EE7C0D27E1758600DA8B77 /* elephant.mp4 in Resources */,
			);
			runOnlyForDeploymentPostprocessing = 0;
		};
/* End PBXResourcesBuildPhase section */

/* Begin PBXSourcesBuildPhase section */
		78EE7BE627E1735500DA8B77 /* Sources */ = {
			isa = PBXSourcesBuildPhase;
			buildActionMask = 2147483647;
			files = (
				78EE7BF027E1735500DA8B77 /* ContentView.swift in Sources */,
				78EE7C2327E177F400DA8B77 /* MainView.swift in Sources */,
				78EE7C1F27E177D200DA8B77 /* MapView.swift in Sources */,
				78EE7BEE27E1735500DA8B77 /* AfricaApp.swift in Sources */,
				78EE7C1D27E177BB00DA8B77 /* VideoListView.swift in Sources */,
				78EE7C2127E177E400DA8B77 /* GalleryView.swift in Sources */,
			);
			runOnlyForDeploymentPostprocessing = 0;
		};
/* End PBXSourcesBuildPhase section */

/* Begin XCBuildConfiguration section */
		78EE7BF627E1735600DA8B77 /* Debug */ = {
			isa = XCBuildConfiguration;
			buildSettings = {
				ALWAYS_SEARCH_USER_PATHS = NO;
				CLANG_ANALYZER_NONNULL = YES;
				CLANG_ANALYZER_NUMBER_OBJECT_CONVERSION = YES_AGGRESSIVE;
				CLANG_CXX_LANGUAGE_STANDARD = "gnu++17";
				CLANG_CXX_LIBRARY = "libc++";
				CLANG_ENABLE_MODULES = YES;
				CLANG_ENABLE_OBJC_ARC = YES;
				CLANG_ENABLE_OBJC_WEAK = YES;
				CLANG_WARN_BLOCK_CAPTURE_AUTORELEASING = YES;
				CLANG_WARN_BOOL_CONVERSION = YES;
				CLANG_WARN_COMMA = YES;
				CLANG_WARN_CONSTANT_CONVERSION = YES;
				CLANG_WARN_DEPRECATED_OBJC_IMPLEMENTATIONS = YES;
				CLANG_WARN_DIRECT_OBJC_ISA_USAGE = YES_ERROR;
				CLANG_WARN_DOCUMENTATION_COMMENTS = YES;
				CLANG_WARN_EMPTY_BODY = YES;
				CLANG_WARN_ENUM_CONVERSION = YES;
				CLANG_WARN_INFINITE_RECURSION = YES;
				CLANG_WARN_INT_CONVERSION = YES;
				CLANG_WARN_NON_LITERAL_NULL_CONVERSION = YES;
				CLANG_WARN_OBJC_IMPLICIT_RETAIN_SELF = YES;
				CLANG_WARN_OBJC_LITERAL_CONVERSION = YES;
				CLANG_WARN_OBJC_ROOT_CLASS = YES_ERROR;
				CLANG_WARN_QUOTED_INCLUDE_IN_FRAMEWORK_HEADER = YES;
				CLANG_WARN_RANGE_LOOP_ANALYSIS = YES;
				CLANG_WARN_STRICT_PROTOTYPES = YES;
				CLANG_WARN_SUSPICIOUS_MOVE = YES;
				CLANG_WARN_UNGUARDED_AVAILABILITY = YES_AGGRESSIVE;
				CLANG_WARN_UNREACHABLE_CODE = YES;
				CLANG_WARN__DUPLICATE_METHOD_MATCH = YES;
				COPY_PHASE_STRIP = NO;
				DEBUG_INFORMATION_FORMAT = dwarf;
				ENABLE_STRICT_OBJC_MSGSEND = YES;
				ENABLE_TESTABILITY = YES;
				GCC_C_LANGUAGE_STANDARD = gnu11;
				GCC_DYNAMIC_NO_PIC = NO;
				GCC_NO_COMMON_BLOCKS = YES;
				GCC_OPTIMIZATION_LEVEL = 0;
				GCC_PREPROCESSOR_DEFINITIONS = (
					"DEBUG=1",
					"$(inherited)",
				);
				GCC_WARN_64_TO_32_BIT_CONVERSION = YES;
				GCC_WARN_ABOUT_RETURN_TYPE = YES_ERROR;
				GCC_WARN_UNDECLARED_SELECTOR = YES;
				GCC_WARN_UNINITIALIZED_AUTOS = YES_AGGRESSIVE;
				GCC_WARN_UNUSED_FUNCTION = YES;
				GCC_WARN_UNUSED_VARIABLE = YES;
				IPHONEOS_DEPLOYMENT_TARGET = 15.2;
				MTL_ENABLE_DEBUG_INFO = INCLUDE_SOURCE;
				MTL_FAST_MATH = YES;
				ONLY_ACTIVE_ARCH = YES;
				SDKROOT = iphoneos;
				SWIFT_ACTIVE_COMPILATION_CONDITIONS = DEBUG;
				SWIFT_OPTIMIZATION_LEVEL = "-Onone";
			};
			name = Debug;
		};
		78EE7BF727E1735600DA8B77 /* Release */ = {
			isa = XCBuildConfiguration;
			buildSettings = {
				ALWAYS_SEARCH_USER_PATHS = NO;
				CLANG_ANALYZER_NONNULL = YES;
				CLANG_ANALYZER_NUMBER_OBJECT_CONVERSION = YES_AGGRESSIVE;
				CLANG_CXX_LANGUAGE_STANDARD = "gnu++17";
				CLANG_CXX_LIBRARY = "libc++";
				CLANG_ENABLE_MODULES = YES;
				CLANG_ENABLE_OBJC_ARC = YES;
				CLANG_ENABLE_OBJC_WEAK = YES;
				CLANG_WARN_BLOCK_CAPTURE_AUTORELEASING = YES;
				CLANG_WARN_BOOL_CONVERSION = YES;
				CLANG_WARN_COMMA = YES;
				CLANG_WARN_CONSTANT_CONVERSION = YES;
				CLANG_WARN_DEPRECATED_OBJC_IMPLEMENTATIONS = YES;
				CLANG_WARN_DIRECT_OBJC_ISA_USAGE = YES_ERROR;
				CLANG_WARN_DOCUMENTATION_COMMENTS = YES;
				CLANG_WARN_EMPTY_BODY = YES;
				CLANG_WARN_ENUM_CONVERSION = YES;
				CLANG_WARN_INFINITE_RECURSION = YES;
				CLANG_WARN_INT_CONVERSION = YES;
				CLANG_WARN_NON_LITERAL_NULL_CONVERSION = YES;
				CLANG_WARN_OBJC_IMPLICIT_RETAIN_SELF = YES;
				CLANG_WARN_OBJC_LITERAL_CONVERSION = YES;
				CLANG_WARN_OBJC_ROOT_CLASS = YES_ERROR;
				CLANG_WARN_QUOTED_INCLUDE_IN_FRAMEWORK_HEADER = YES;
				CLANG_WARN_RANGE_LOOP_ANALYSIS = YES;
				CLANG_WARN_STRICT_PROTOTYPES = YES;
				CLANG_WARN_SUSPICIOUS_MOVE = YES;
				CLANG_WARN_UNGUARDED_AVAILABILITY = YES_AGGRESSIVE;
				CLANG_WARN_UNREACHABLE_CODE = YES;
				CLANG_WARN__DUPLICATE_METHOD_MATCH = YES;
				COPY_PHASE_STRIP = NO;
				DEBUG_INFORMATION_FORMAT = "dwarf-with-dsym";
				ENABLE_NS_ASSERTIONS = NO;
				ENABLE_STRICT_OBJC_MSGSEND = YES;
				GCC_C_LANGUAGE_STANDARD = gnu11;
				GCC_NO_COMMON_BLOCKS = YES;
				GCC_WARN_64_TO_32_BIT_CONVERSION = YES;
				GCC_WARN_ABOUT_RETURN_TYPE = YES_ERROR;
				GCC_WARN_UNDECLARED_SELECTOR = YES;
				GCC_WARN_UNINITIALIZED_AUTOS = YES_AGGRESSIVE;
				GCC_WARN_UNUSED_FUNCTION = YES;
				GCC_WARN_UNUSED_VARIABLE = YES;
				IPHONEOS_DEPLOYMENT_TARGET = 15.2;
				MTL_ENABLE_DEBUG_INFO = NO;
				MTL_FAST_MATH = YES;
				SDKROOT = iphoneos;
				SWIFT_COMPILATION_MODE = wholemodule;
				SWIFT_OPTIMIZATION_LEVEL = "-O";
				VALIDATE_PRODUCT = YES;
			};
			name = Release;
		};
		78EE7BF927E1735600DA8B77 /* Debug */ = {
			isa = XCBuildConfiguration;
			buildSettings = {
				ASSETCATALOG_COMPILER_APPICON_NAME = AppIcon;
				ASSETCATALOG_COMPILER_GLOBAL_ACCENT_COLOR_NAME = AccentColor;
				CODE_SIGN_STYLE = Automatic;
				CURRENT_PROJECT_VERSION = 1;
				DEVELOPMENT_ASSET_PATHS = "\"Africa/Preview Content\"";
				DEVELOPMENT_TEAM = 83BZVC67FN;
				ENABLE_PREVIEWS = YES;
				GENERATE_INFOPLIST_FILE = YES;
				INFOPLIST_FILE = Africa/Info.plist;
				INFOPLIST_KEY_UIApplicationSceneManifest_Generation = YES;
				INFOPLIST_KEY_UIApplicationSupportsIndirectInputEvents = YES;
				INFOPLIST_KEY_UISupportedInterfaceOrientations_iPad = "UIInterfaceOrientationPortrait UIInterfaceOrientationPortraitUpsideDown UIInterfaceOrientationLandscapeLeft UIInterfaceOrientationLandscapeRight";
				INFOPLIST_KEY_UISupportedInterfaceOrientations_iPhone = "UIInterfaceOrientationPortrait UIInterfaceOrientationLandscapeLeft UIInterfaceOrientationLandscapeRight";
				INFOPLIST_KEY_UIUserInterfaceStyle = Dark;
				LD_RUNPATH_SEARCH_PATHS = (
					"$(inherited)",
					"@executable_path/Frameworks",
				);
				MARKETING_VERSION = 1.0;
				PRODUCT_BUNDLE_IDENTIFIER = com.app.Africa;
				PRODUCT_NAME = "$(TARGET_NAME)";
				SWIFT_EMIT_LOC_STRINGS = YES;
				SWIFT_VERSION = 5.0;
				TARGETED_DEVICE_FAMILY = "1,2";
			};
			name = Debug;
		};
		78EE7BFA27E1735600DA8B77 /* Release */ = {
			isa = XCBuildConfiguration;
			buildSettings = {
				ASSETCATALOG_COMPILER_APPICON_NAME = AppIcon;
				ASSETCATALOG_COMPILER_GLOBAL_ACCENT_COLOR_NAME = AccentColor;
				CODE_SIGN_STYLE = Automatic;
				CURRENT_PROJECT_VERSION = 1;
				DEVELOPMENT_ASSET_PATHS = "\"Africa/Preview Content\"";
				DEVELOPMENT_TEAM = 83BZVC67FN;
				ENABLE_PREVIEWS = YES;
				GENERATE_INFOPLIST_FILE = YES;
				INFOPLIST_FILE = Africa/Info.plist;
				INFOPLIST_KEY_UIApplicationSceneManifest_Generation = YES;
				INFOPLIST_KEY_UIApplicationSupportsIndirectInputEvents = YES;
				INFOPLIST_KEY_UISupportedInterfaceOrientations_iPad = "UIInterfaceOrientationPortrait UIInterfaceOrientationPortraitUpsideDown UIInterfaceOrientationLandscapeLeft UIInterfaceOrientationLandscapeRight";
				INFOPLIST_KEY_UISupportedInterfaceOrientations_iPhone = "UIInterfaceOrientationPortrait UIInterfaceOrientationLandscapeLeft UIInterfaceOrientationLandscapeRight";
				INFOPLIST_KEY_UIUserInterfaceStyle = Dark;
				LD_RUNPATH_SEARCH_PATHS = (
					"$(inherited)",
					"@executable_path/Frameworks",
				);
				MARKETING_VERSION = 1.0;
				PRODUCT_BUNDLE_IDENTIFIER = com.app.Africa;
				PRODUCT_NAME = "$(TARGET_NAME)";
				SWIFT_EMIT_LOC_STRINGS = YES;
				SWIFT_VERSION = 5.0;
				TARGETED_DEVICE_FAMILY = "1,2";
			};
			name = Release;
		};
/* End XCBuildConfiguration section */

/* Begin XCConfigurationList section */
		78EE7BE527E1735500DA8B77 /* Build configuration list for PBXProject "Africa" */ = {
			isa = XCConfigurationList;
			buildConfigurations = (
				78EE7BF627E1735600DA8B77 /* Debug */,
				78EE7BF727E1735600DA8B77 /* Release */,
			);
			defaultConfigurationIsVisible = 0;
			defaultConfigurationName = Release;
		};
		78EE7BF827E1735600DA8B77 /* Build configuration list for PBXNativeTarget "Africa" */ = {
			isa = XCConfigurationList;
			buildConfigurations = (
				78EE7BF927E1735600DA8B77 /* Debug */,
				78EE7BFA27E1735600DA8B77 /* Release */,
			);
			defaultConfigurationIsVisible = 0;
			defaultConfigurationName = Release;
		};
/* End XCConfigurationList section */
	};
	rootObject = 78EE7BE227E1735500DA8B77 /* Project object */;
}
